
Microsoft Visual Studio Solution File, Format Version 12.00
# Visual Studio Version 16
VisualStudioVersion = 16.0.29911.84
MinimumVisualStudioVersion = 10.0.40219.1
Project("{9A19103F-16F7-4668-BE54-9A1E7A4F7556}") = "Registration", "Registration\Registration.csproj", "{0D8BC99E-2EF8-4591-9AE7-1C973928669B}"
EndProject
Project("{9A19103F-16F7-4668-BE54-9A1E7A4F7556}") = "DAL", "DAL\DAL.csproj", "{F94ACB3C-AE50-4FD9-B5D2-681E8F591882}"
EndProject
Project("{9A19103F-16F7-4668-BE54-9A1E7A4F7556}") = "Repository", "Repository\Repository.csproj", "{9586500A-6389-45BB-98D9-A0A73361EF8B}"
EndProject
Project("{9A19103F-16F7-4668-BE54-9A1E7A4F7556}") = "Service", "Service\Service.csproj", "{092BBFDB-5777-47EE-818F-4D765CE92D63}"
EndProject
Project("{9A19103F-16F7-4668-BE54-9A1E7A4F7556}") = "Common", "Common\Common.csproj", "{954C1F3F-97BA-47EB-ACB8-24DFFF7D010E}"
EndProject
Global
	GlobalSection(SolutionConfigurationPlatforms) = preSolution
		Debug|Any CPU = Debug|Any CPU
		Release|Any CPU = Release|Any CPU
	EndGlobalSection
	GlobalSection(ProjectConfigurationPlatforms) = postSolution
		{0D8BC99E-2EF8-4591-9AE7-1C973928669B}.Debug|Any CPU.ActiveCfg = Debug|Any CPU
		{0D8BC99E-2EF8-4591-9AE7-1C973928669B}.Debug|Any CPU.Build.0 = Debug|Any CPU
		{0D8BC99E-2EF8-4591-9AE7-1C973928669B}.Release|Any CPU.ActiveCfg = Release|Any CPU
		{0D8BC99E-2EF8-4591-9AE7-1C973928669B}.Release|Any CPU.Build.0 = Release|Any CPU
		{F94ACB3C-AE50-4FD9-B5D2-681E8F591882}.Debug|Any CPU.ActiveCfg = Debug|Any CPU
		{F94ACB3C-AE50-4FD9-B5D2-681E8F591882}.Debug|Any CPU.Build.0 = Debug|Any CPU
		{F94ACB3C-AE50-4FD9-B5D2-681E8F591882}.Release|Any CPU.ActiveCfg = Release|Any CPU
		{F94ACB3C-AE50-4FD9-B5D2-681E8F591882}.Release|Any CPU.Build.0 = Release|Any CPU
		{9586500A-6389-45BB-98D9-A0A73361EF8B}.Debug|Any CPU.ActiveCfg = Debug|Any CPU
		{9586500A-6389-45BB-98D9-A0A73361EF8B}.Debug|Any CPU.Build.0 = Debug|Any CPU
		{9586500A-6389-45BB-98D9-A0A73361EF8B}.Release|Any CPU.ActiveCfg = Release|Any CPU
		{9586500A-6389-45BB-98D9-A0A73361EF8B}.Release|Any CPU.Build.0 = Release|Any CPU
		{092BBFDB-5777-47EE-818F-4D765CE92D63}.Debug|Any CPU.ActiveCfg = Debug|Any CPU
		{092BBFDB-5777-47EE-818F-4D765CE92D63}.Debug|Any CPU.Build.0 = Debug|Any CPU
		{092BBFDB-5777-47EE-818F-4D765CE92D63}.Release|Any CPU.ActiveCfg = Release|Any CPU
		{092BBFDB-5777-47EE-818F-4D765CE92D63}.Release|Any CPU.Build.0 = Release|Any CPU
		{954C1F3F-97BA-47EB-ACB8-24DFFF7D010E}.Debug|Any CPU.ActiveCfg = Debug|Any CPU
		{954C1F3F-97BA-47EB-ACB8-24DFFF7D010E}.Debug|Any CPU.Build.0 = Debug|Any CPU
		{954C1F3F-97BA-47EB-ACB8-24DFFF7D010E}.Release|Any CPU.ActiveCfg = Release|Any CPU
		{954C1F3F-97BA-47EB-ACB8-24DFFF7D010E}.Release|Any CPU.Build.0 = Release|Any CPU
	EndGlobalSection
	GlobalSection(SolutionProperties) = preSolution
		HideSolutionNode = FALSE
	EndGlobalSection
	GlobalSection(ExtensibilityGlobals) = postSolution
		SolutionGuid = {E68BA12D-F0C3-4458-A0E2-98954055476D}
	EndGlobalSection
EndGlobal
